
Microsoft Visual Studio Solution File, Format Version 12.00
# Visual Studio 14
VisualStudioVersion = 14.0.25123.0
MinimumVisualStudioVersion = 10.0.40219.1
Project("{FAE04EC0-301F-11D3-BF4B-00C04F79EFBC}") = "TradeTOS", "TradeTOS\TradeTOS\TradeTOS.csproj", "{A68D6DED-1DCB-49F2-9D4D-CE3951DA17CF}"
EndProject
Project("{FAE04EC0-301F-11D3-BF4B-00C04F79EFBC}") = "TradeTOS.Droid", "TradeTOS\TradeTOS.Droid\TradeTOS.Droid.csproj", "{DAA935FE-88E8-4EB9-BDF9-E56B523BCCB1}"
EndProject
Project("{FAE04EC0-301F-11D3-BF4B-00C04F79EFBC}") = "TradeTOS.iOS", "TradeTOS\TradeTOS.iOS\TradeTOS.iOS.csproj", "{90C4D84A-3384-4123-BA5E-BDD09DFF8BEA}"
EndProject
Project("{FAE04EC0-301F-11D3-BF4B-00C04F79EFBC}") = "TradeTOS.UWP", "TradeTOS\TradeTOS.UWP\TradeTOS.UWP.csproj", "{1D3EC797-D166-4C59-9947-2A2188536A4D}"
EndProject
Project("{FAE04EC0-301F-11D3-BF4B-00C04F79EFBC}") = "TradeTOS.WinPhone", "TradeTOS\TradeTOS.WinPhone\TradeTOS.WinPhone.csproj", "{2FFE2185-A329-40E1-B617-4134F9C04042}"
EndProject
Project("{FAE04EC0-301F-11D3-BF4B-00C04F79EFBC}") = "TradeTOS.Windows", "TradeTOS\TradeTOS.Windows\TradeTOS.Windows.csproj", "{FBA4AB0E-8359-4CB4-AFDF-479A711D2FE0}"
EndProject
Project("{2150E333-8FDC-42A3-9474-1A3956D46DE8}") = "Targets", "Targets", "{BE5D6B7D-F668-427A-A34C-18F446AF548B}"
EndProject
Global
	GlobalSection(SolutionConfigurationPlatforms) = preSolution
		Ad-Hoc|Any CPU = Ad-Hoc|Any CPU
		Ad-Hoc|ARM = Ad-Hoc|ARM
		Ad-Hoc|iPhone = Ad-Hoc|iPhone
		Ad-Hoc|iPhoneSimulator = Ad-Hoc|iPhoneSimulator
		Ad-Hoc|x64 = Ad-Hoc|x64
		Ad-Hoc|x86 = Ad-Hoc|x86
		AppStore|Any CPU = AppStore|Any CPU
		AppStore|ARM = AppStore|ARM
		AppStore|iPhone = AppStore|iPhone
		AppStore|iPhoneSimulator = AppStore|iPhoneSimulator
		AppStore|x64 = AppStore|x64
		AppStore|x86 = AppStore|x86
		Debug|Any CPU = Debug|Any CPU
		Debug|ARM = Debug|ARM
		Debug|iPhone = Debug|iPhone
		Debug|iPhoneSimulator = Debug|iPhoneSimulator
		Debug|x64 = Debug|x64
		Debug|x86 = Debug|x86
		Release|Any CPU = Release|Any CPU
		Release|ARM = Release|ARM
		Release|iPhone = Release|iPhone
		Release|iPhoneSimulator = Release|iPhoneSimulator
		Release|x64 = Release|x64
		Release|x86 = Release|x86
	EndGlobalSection
	GlobalSection(ProjectConfigurationPlatforms) = postSolution
		{A68D6DED-1DCB-49F2-9D4D-CE3951DA17CF}.Ad-Hoc|Any CPU.ActiveCfg = Release|Any CPU
		{A68D6DED-1DCB-49F2-9D4D-CE3951DA17CF}.Ad-Hoc|Any CPU.Build.0 = Release|Any CPU
		{A68D6DED-1DCB-49F2-9D4D-CE3951DA17CF}.Ad-Hoc|ARM.ActiveCfg = Release|Any CPU
		{A68D6DED-1DCB-49F2-9D4D-CE3951DA17CF}.Ad-Hoc|ARM.Build.0 = Release|Any CPU
		{A68D6DED-1DCB-49F2-9D4D-CE3951DA17CF}.Ad-Hoc|iPhone.ActiveCfg = Release|Any CPU
		{A68D6DED-1DCB-49F2-9D4D-CE3951DA17CF}.Ad-Hoc|iPhone.Build.0 = Release|Any CPU
		{A68D6DED-1DCB-49F2-9D4D-CE3951DA17CF}.Ad-Hoc|iPhoneSimulator.ActiveCfg = Release|Any CPU
		{A68D6DED-1DCB-49F2-9D4D-CE3951DA17CF}.Ad-Hoc|iPhoneSimulator.Build.0 = Release|Any CPU
		{A68D6DED-1DCB-49F2-9D4D-CE3951DA17CF}.Ad-Hoc|x64.ActiveCfg = Release|Any CPU
		{A68D6DED-1DCB-49F2-9D4D-CE3951DA17CF}.Ad-Hoc|x64.Build.0 = Release|Any CPU
		{A68D6DED-1DCB-49F2-9D4D-CE3951DA17CF}.Ad-Hoc|x86.ActiveCfg = Release|Any CPU
		{A68D6DED-1DCB-49F2-9D4D-CE3951DA17CF}.Ad-Hoc|x86.Build.0 = Release|Any CPU
		{A68D6DED-1DCB-49F2-9D4D-CE3951DA17CF}.AppStore|Any CPU.ActiveCfg = Release|Any CPU
		{A68D6DED-1DCB-49F2-9D4D-CE3951DA17CF}.AppStore|Any CPU.Build.0 = Release|Any CPU
		{A68D6DED-1DCB-49F2-9D4D-CE3951DA17CF}.AppStore|ARM.ActiveCfg = Release|Any CPU
		{A68D6DED-1DCB-49F2-9D4D-CE3951DA17CF}.AppStore|ARM.Build.0 = Release|Any CPU
		{A68D6DED-1DCB-49F2-9D4D-CE3951DA17CF}.AppStore|iPhone.ActiveCfg = Release|Any CPU
		{A68D6DED-1DCB-49F2-9D4D-CE3951DA17CF}.AppStore|iPhone.Build.0 = Release|Any CPU
		{A68D6DED-1DCB-49F2-9D4D-CE3951DA17CF}.AppStore|iPhoneSimulator.ActiveCfg = Release|Any CPU
		{A68D6DED-1DCB-49F2-9D4D-CE3951DA17CF}.AppStore|iPhoneSimulator.Build.0 = Release|Any CPU
		{A68D6DED-1DCB-49F2-9D4D-CE3951DA17CF}.AppStore|x64.ActiveCfg = Release|Any CPU
		{A68D6DED-1DCB-49F2-9D4D-CE3951DA17CF}.AppStore|x64.Build.0 = Release|Any CPU
		{A68D6DED-1DCB-49F2-9D4D-CE3951DA17CF}.AppStore|x86.ActiveCfg = Release|Any CPU
		{A68D6DED-1DCB-49F2-9D4D-CE3951DA17CF}.AppStore|x86.Build.0 = Release|Any CPU
		{A68D6DED-1DCB-49F2-9D4D-CE3951DA17CF}.Debug|Any CPU.ActiveCfg = Debug|Any CPU
		{A68D6DED-1DCB-49F2-9D4D-CE3951DA17CF}.Debug|Any CPU.Build.0 = Debug|Any CPU
		{A68D6DED-1DCB-49F2-9D4D-CE3951DA17CF}.Debug|ARM.ActiveCfg = Debug|Any CPU
		{A68D6DED-1DCB-49F2-9D4D-CE3951DA17CF}.Debug|ARM.Build.0 = Debug|Any CPU
		{A68D6DED-1DCB-49F2-9D4D-CE3951DA17CF}.Debug|iPhone.ActiveCfg = Debug|Any CPU
		{A68D6DED-1DCB-49F2-9D4D-CE3951DA17CF}.Debug|iPhone.Build.0 = Debug|Any CPU
		{A68D6DED-1DCB-49F2-9D4D-CE3951DA17CF}.Debug|iPhoneSimulator.ActiveCfg = Debug|Any CPU
		{A68D6DED-1DCB-49F2-9D4D-CE3951DA17CF}.Debug|iPhoneSimulator.Build.0 = Debug|Any CPU
		{A68D6DED-1DCB-49F2-9D4D-CE3951DA17CF}.Debug|x64.ActiveCfg = Debug|Any CPU
		{A68D6DED-1DCB-49F2-9D4D-CE3951DA17CF}.Debug|x64.Build.0 = Debug|Any CPU
		{A68D6DED-1DCB-49F2-9D4D-CE3951DA17CF}.Debug|x86.ActiveCfg = Debug|Any CPU
		{A68D6DED-1DCB-49F2-9D4D-CE3951DA17CF}.Debug|x86.Build.0 = Debug|Any CPU
		{A68D6DED-1DCB-49F2-9D4D-CE3951DA17CF}.Release|Any CPU.ActiveCfg = Release|Any CPU
		{A68D6DED-1DCB-49F2-9D4D-CE3951DA17CF}.Release|Any CPU.Build.0 = Release|Any CPU
		{A68D6DED-1DCB-49F2-9D4D-CE3951DA17CF}.Release|ARM.ActiveCfg = Release|Any CPU
		{A68D6DED-1DCB-49F2-9D4D-CE3951DA17CF}.Release|ARM.Build.0 = Release|Any CPU
		{A68D6DED-1DCB-49F2-9D4D-CE3951DA17CF}.Release|iPhone.ActiveCfg = Release|Any CPU
		{A68D6DED-1DCB-49F2-9D4D-CE3951DA17CF}.Release|iPhone.Build.0 = Release|Any CPU
		{A68D6DED-1DCB-49F2-9D4D-CE3951DA17CF}.Release|iPhoneSimulator.ActiveCfg = Release|Any CPU
		{A68D6DED-1DCB-49F2-9D4D-CE3951DA17CF}.Release|iPhoneSimulator.Build.0 = Release|Any CPU
		{A68D6DED-1DCB-49F2-9D4D-CE3951DA17CF}.Release|x64.ActiveCfg = Release|Any CPU
		{A68D6DED-1DCB-49F2-9D4D-CE3951DA17CF}.Release|x64.Build.0 = Release|Any CPU
		{A68D6DED-1DCB-49F2-9D4D-CE3951DA17CF}.Release|x86.ActiveCfg = Release|Any CPU
		{A68D6DED-1DCB-49F2-9D4D-CE3951DA17CF}.Release|x86.Build.0 = Release|Any CPU
		{DAA935FE-88E8-4EB9-BDF9-E56B523BCCB1}.Ad-Hoc|Any CPU.ActiveCfg = Release|Any CPU
		{DAA935FE-88E8-4EB9-BDF9-E56B523BCCB1}.Ad-Hoc|Any CPU.Build.0 = Release|Any CPU
		{DAA935FE-88E8-4EB9-BDF9-E56B523BCCB1}.Ad-Hoc|Any CPU.Deploy.0 = Release|Any CPU
		{DAA935FE-88E8-4EB9-BDF9-E56B523BCCB1}.Ad-Hoc|ARM.ActiveCfg = Release|Any CPU
		{DAA935FE-88E8-4EB9-BDF9-E56B523BCCB1}.Ad-Hoc|ARM.Build.0 = Release|Any CPU
		{DAA935FE-88E8-4EB9-BDF9-E56B523BCCB1}.Ad-Hoc|ARM.Deploy.0 = Release|Any CPU
		{DAA935FE-88E8-4EB9-BDF9-E56B523BCCB1}.Ad-Hoc|iPhone.ActiveCfg = Release|Any CPU
		{DAA935FE-88E8-4EB9-BDF9-E56B523BCCB1}.Ad-Hoc|iPhone.Build.0 = Release|Any CPU
		{DAA935FE-88E8-4EB9-BDF9-E56B523BCCB1}.Ad-Hoc|iPhone.Deploy.0 = Release|Any CPU
		{DAA935FE-88E8-4EB9-BDF9-E56B523BCCB1}.Ad-Hoc|iPhoneSimulator.ActiveCfg = Release|Any CPU
		{DAA935FE-88E8-4EB9-BDF9-E56B523BCCB1}.Ad-Hoc|iPhoneSimulator.Build.0 = Release|Any CPU
		{DAA935FE-88E8-4EB9-BDF9-E56B523BCCB1}.Ad-Hoc|iPhoneSimulator.Deploy.0 = Release|Any CPU
		{DAA935FE-88E8-4EB9-BDF9-E56B523BCCB1}.Ad-Hoc|x64.ActiveCfg = Release|Any CPU
		{DAA935FE-88E8-4EB9-BDF9-E56B523BCCB1}.Ad-Hoc|x64.Build.0 = Release|Any CPU
		{DAA935FE-88E8-4EB9-BDF9-E56B523BCCB1}.Ad-Hoc|x64.Deploy.0 = Release|Any CPU
		{DAA935FE-88E8-4EB9-BDF9-E56B523BCCB1}.Ad-Hoc|x86.ActiveCfg = Release|Any CPU
		{DAA935FE-88E8-4EB9-BDF9-E56B523BCCB1}.Ad-Hoc|x86.Build.0 = Release|Any CPU
		{DAA935FE-88E8-4EB9-BDF9-E56B523BCCB1}.Ad-Hoc|x86.Deploy.0 = Release|Any CPU
		{DAA935FE-88E8-4EB9-BDF9-E56B523BCCB1}.AppStore|Any CPU.ActiveCfg = Release|Any CPU
		{DAA935FE-88E8-4EB9-BDF9-E56B523BCCB1}.AppStore|Any CPU.Build.0 = Release|Any CPU
		{DAA935FE-88E8-4EB9-BDF9-E56B523BCCB1}.AppStore|Any CPU.Deploy.0 = Release|Any CPU
		{DAA935FE-88E8-4EB9-BDF9-E56B523BCCB1}.AppStore|ARM.ActiveCfg = Release|Any CPU
		{DAA935FE-88E8-4EB9-BDF9-E56B523BCCB1}.AppStore|ARM.Build.0 = Release|Any CPU
		{DAA935FE-88E8-4EB9-BDF9-E56B523BCCB1}.AppStore|ARM.Deploy.0 = Release|Any CPU
		{DAA935FE-88E8-4EB9-BDF9-E56B523BCCB1}.AppStore|iPhone.ActiveCfg = Release|Any CPU
		{DAA935FE-88E8-4EB9-BDF9-E56B523BCCB1}.AppStore|iPhone.Build.0 = Release|Any CPU
		{DAA935FE-88E8-4EB9-BDF9-E56B523BCCB1}.AppStore|iPhone.Deploy.0 = Release|Any CPU
		{DAA935FE-88E8-4EB9-BDF9-E56B523BCCB1}.AppStore|iPhoneSimulator.ActiveCfg = Release|Any CPU
		{DAA935FE-88E8-4EB9-BDF9-E56B523BCCB1}.AppStore|iPhoneSimulator.Build.0 = Release|Any CPU
		{DAA935FE-88E8-4EB9-BDF9-E56B523BCCB1}.AppStore|iPhoneSimulator.Deploy.0 = Release|Any CPU
		{DAA935FE-88E8-4EB9-BDF9-E56B523BCCB1}.AppStore|x64.ActiveCfg = Release|Any CPU
		{DAA935FE-88E8-4EB9-BDF9-E56B523BCCB1}.AppStore|x64.Build.0 = Release|Any CPU
		{DAA935FE-88E8-4EB9-BDF9-E56B523BCCB1}.AppStore|x64.Deploy.0 = Release|Any CPU
		{DAA935FE-88E8-4EB9-BDF9-E56B523BCCB1}.AppStore|x86.ActiveCfg = Release|Any CPU
		{DAA935FE-88E8-4EB9-BDF9-E56B523BCCB1}.AppStore|x86.Build.0 = Release|Any CPU
		{DAA935FE-88E8-4EB9-BDF9-E56B523BCCB1}.AppStore|x86.Deploy.0 = Release|Any CPU
		{DAA935FE-88E8-4EB9-BDF9-E56B523BCCB1}.Debug|Any CPU.ActiveCfg = Debug|Any CPU
		{DAA935FE-88E8-4EB9-BDF9-E56B523BCCB1}.Debug|Any CPU.Build.0 = Debug|Any CPU
		{DAA935FE-88E8-4EB9-BDF9-E56B523BCCB1}.Debug|Any CPU.Deploy.0 = Debug|Any CPU
		{DAA935FE-88E8-4EB9-BDF9-E56B523BCCB1}.Debug|ARM.ActiveCfg = Debug|Any CPU
		{DAA935FE-88E8-4EB9-BDF9-E56B523BCCB1}.Debug|ARM.Build.0 = Debug|Any CPU
		{DAA935FE-88E8-4EB9-BDF9-E56B523BCCB1}.Debug|ARM.Deploy.0 = Debug|Any CPU
		{DAA935FE-88E8-4EB9-BDF9-E56B523BCCB1}.Debug|iPhone.ActiveCfg = Debug|Any CPU
		{DAA935FE-88E8-4EB9-BDF9-E56B523BCCB1}.Debug|iPhone.Build.0 = Debug|Any CPU
		{DAA935FE-88E8-4EB9-BDF9-E56B523BCCB1}.Debug|iPhone.Deploy.0 = Debug|Any CPU
		{DAA935FE-88E8-4EB9-BDF9-E56B523BCCB1}.Debug|iPhoneSimulator.ActiveCfg = Debug|Any CPU
		{DAA935FE-88E8-4EB9-BDF9-E56B523BCCB1}.Debug|iPhoneSimulator.Build.0 = Debug|Any CPU
		{DAA935FE-88E8-4EB9-BDF9-E56B523BCCB1}.Debug|iPhoneSimulator.Deploy.0 = Debug|Any CPU
		{DAA935FE-88E8-4EB9-BDF9-E56B523BCCB1}.Debug|x64.ActiveCfg = Debug|Any CPU
		{DAA935FE-88E8-4EB9-BDF9-E56B523BCCB1}.Debug|x64.Build.0 = Debug|Any CPU
		{DAA935FE-88E8-4EB9-BDF9-E56B523BCCB1}.Debug|x64.Deploy.0 = Debug|Any CPU
		{DAA935FE-88E8-4EB9-BDF9-E56B523BCCB1}.Debug|x86.ActiveCfg = Debug|Any CPU
		{DAA935FE-88E8-4EB9-BDF9-E56B523BCCB1}.Debug|x86.Build.0 = Debug|Any CPU
		{DAA935FE-88E8-4EB9-BDF9-E56B523BCCB1}.Debug|x86.Deploy.0 = Debug|Any CPU
		{DAA935FE-88E8-4EB9-BDF9-E56B523BCCB1}.Release|Any CPU.ActiveCfg = Release|Any CPU
		{DAA935FE-88E8-4EB9-BDF9-E56B523BCCB1}.Release|Any CPU.Build.0 = Release|Any CPU
		{DAA935FE-88E8-4EB9-BDF9-E56B523BCCB1}.Release|Any CPU.Deploy.0 = Release|Any CPU
		{DAA935FE-88E8-4EB9-BDF9-E56B523BCCB1}.Release|ARM.ActiveCfg = Release|Any CPU
		{DAA935FE-88E8-4EB9-BDF9-E56B523BCCB1}.Release|ARM.Build.0 = Release|Any CPU
		{DAA935FE-88E8-4EB9-BDF9-E56B523BCCB1}.Release|ARM.Deploy.0 = Release|Any CPU
		{DAA935FE-88E8-4EB9-BDF9-E56B523BCCB1}.Release|iPhone.ActiveCfg = Release|Any CPU
		{DAA935FE-88E8-4EB9-BDF9-E56B523BCCB1}.Release|iPhone.Build.0 = Release|Any CPU
		{DAA935FE-88E8-4EB9-BDF9-E56B523BCCB1}.Release|iPhone.Deploy.0 = Release|Any CPU
		{DAA935FE-88E8-4EB9-BDF9-E56B523BCCB1}.Release|iPhoneSimulator.ActiveCfg = Release|Any CPU
		{DAA935FE-88E8-4EB9-BDF9-E56B523BCCB1}.Release|iPhoneSimulator.Build.0 = Release|Any CPU
		{DAA935FE-88E8-4EB9-BDF9-E56B523BCCB1}.Release|iPhoneSimulator.Deploy.0 = Release|Any CPU
		{DAA935FE-88E8-4EB9-BDF9-E56B523BCCB1}.Release|x64.ActiveCfg = Release|Any CPU
		{DAA935FE-88E8-4EB9-BDF9-E56B523BCCB1}.Release|x64.Build.0 = Release|Any CPU
		{DAA935FE-88E8-4EB9-BDF9-E56B523BCCB1}.Release|x64.Deploy.0 = Release|Any CPU
		{DAA935FE-88E8-4EB9-BDF9-E56B523BCCB1}.Release|x86.ActiveCfg = Release|Any CPU
		{DAA935FE-88E8-4EB9-BDF9-E56B523BCCB1}.Release|x86.Build.0 = Release|Any CPU
		{DAA935FE-88E8-4EB9-BDF9-E56B523BCCB1}.Release|x86.Deploy.0 = Release|Any CPU
		{90C4D84A-3384-4123-BA5E-BDD09DFF8BEA}.Ad-Hoc|Any CPU.ActiveCfg = Ad-Hoc|iPhone
		{90C4D84A-3384-4123-BA5E-BDD09DFF8BEA}.Ad-Hoc|ARM.ActiveCfg = Ad-Hoc|iPhone
		{90C4D84A-3384-4123-BA5E-BDD09DFF8BEA}.Ad-Hoc|iPhone.ActiveCfg = Ad-Hoc|iPhone
		{90C4D84A-3384-4123-BA5E-BDD09DFF8BEA}.Ad-Hoc|iPhone.Build.0 = Ad-Hoc|iPhone
		{90C4D84A-3384-4123-BA5E-BDD09DFF8BEA}.Ad-Hoc|iPhoneSimulator.ActiveCfg = Ad-Hoc|iPhoneSimulator
		{90C4D84A-3384-4123-BA5E-BDD09DFF8BEA}.Ad-Hoc|iPhoneSimulator.Build.0 = Ad-Hoc|iPhoneSimulator
		{90C4D84A-3384-4123-BA5E-BDD09DFF8BEA}.Ad-Hoc|x64.ActiveCfg = Ad-Hoc|iPhone
		{90C4D84A-3384-4123-BA5E-BDD09DFF8BEA}.Ad-Hoc|x86.ActiveCfg = Ad-Hoc|iPhone
		{90C4D84A-3384-4123-BA5E-BDD09DFF8BEA}.AppStore|Any CPU.ActiveCfg = AppStore|iPhone
		{90C4D84A-3384-4123-BA5E-BDD09DFF8BEA}.AppStore|ARM.ActiveCfg = AppStore|iPhone
		{90C4D84A-3384-4123-BA5E-BDD09DFF8BEA}.AppStore|iPhone.ActiveCfg = AppStore|iPhone
		{90C4D84A-3384-4123-BA5E-BDD09DFF8BEA}.AppStore|iPhone.Build.0 = AppStore|iPhone
		{90C4D84A-3384-4123-BA5E-BDD09DFF8BEA}.AppStore|iPhoneSimulator.ActiveCfg = AppStore|iPhoneSimulator
		{90C4D84A-3384-4123-BA5E-BDD09DFF8BEA}.AppStore|iPhoneSimulator.Build.0 = AppStore|iPhoneSimulator
		{90C4D84A-3384-4123-BA5E-BDD09DFF8BEA}.AppStore|x64.ActiveCfg = AppStore|iPhone
		{90C4D84A-3384-4123-BA5E-BDD09DFF8BEA}.AppStore|x86.ActiveCfg = AppStore|iPhone
		{90C4D84A-3384-4123-BA5E-BDD09DFF8BEA}.Debug|Any CPU.ActiveCfg = Debug|iPhone
		{90C4D84A-3384-4123-BA5E-BDD09DFF8BEA}.Debug|ARM.ActiveCfg = Debug|iPhone
		{90C4D84A-3384-4123-BA5E-BDD09DFF8BEA}.Debug|iPhone.ActiveCfg = Debug|iPhone
		{90C4D84A-3384-4123-BA5E-BDD09DFF8BEA}.Debug|iPhone.Build.0 = Debug|iPhone
		{90C4D84A-3384-4123-BA5E-BDD09DFF8BEA}.Debug|iPhoneSimulator.ActiveCfg = Debug|iPhoneSimulator
		{90C4D84A-3384-4123-BA5E-BDD09DFF8BEA}.Debug|iPhoneSimulator.Build.0 = Debug|iPhoneSimulator
		{90C4D84A-3384-4123-BA5E-BDD09DFF8BEA}.Debug|x64.ActiveCfg = Debug|iPhone
		{90C4D84A-3384-4123-BA5E-BDD09DFF8BEA}.Debug|x86.ActiveCfg = Debug|iPhone
		{90C4D84A-3384-4123-BA5E-BDD09DFF8BEA}.Release|Any CPU.ActiveCfg = Release|iPhone
		{90C4D84A-3384-4123-BA5E-BDD09DFF8BEA}.Release|ARM.ActiveCfg = Release|iPhone
		{90C4D84A-3384-4123-BA5E-BDD09DFF8BEA}.Release|iPhone.ActiveCfg = Release|iPhone
		{90C4D84A-3384-4123-BA5E-BDD09DFF8BEA}.Release|iPhone.Build.0 = Release|iPhone
		{90C4D84A-3384-4123-BA5E-BDD09DFF8BEA}.Release|iPhoneSimulator.ActiveCfg = Release|iPhoneSimulator
		{90C4D84A-3384-4123-BA5E-BDD09DFF8BEA}.Release|iPhoneSimulator.Build.0 = Release|iPhoneSimulator
		{90C4D84A-3384-4123-BA5E-BDD09DFF8BEA}.Release|x64.ActiveCfg = Release|iPhone
		{90C4D84A-3384-4123-BA5E-BDD09DFF8BEA}.Release|x86.ActiveCfg = Release|iPhone
		{1D3EC797-D166-4C59-9947-2A2188536A4D}.Ad-Hoc|Any CPU.ActiveCfg = Release|x86
		{1D3EC797-D166-4C59-9947-2A2188536A4D}.Ad-Hoc|Any CPU.Build.0 = Release|x86
		{1D3EC797-D166-4C59-9947-2A2188536A4D}.Ad-Hoc|Any CPU.Deploy.0 = Release|x86
		{1D3EC797-D166-4C59-9947-2A2188536A4D}.Ad-Hoc|ARM.ActiveCfg = Release|ARM
		{1D3EC797-D166-4C59-9947-2A2188536A4D}.Ad-Hoc|ARM.Build.0 = Release|ARM
		{1D3EC797-D166-4C59-9947-2A2188536A4D}.Ad-Hoc|ARM.Deploy.0 = Release|ARM
		{1D3EC797-D166-4C59-9947-2A2188536A4D}.Ad-Hoc|iPhone.ActiveCfg = Release|x86
		{1D3EC797-D166-4C59-9947-2A2188536A4D}.Ad-Hoc|iPhone.Build.0 = Release|x86
		{1D3EC797-D166-4C59-9947-2A2188536A4D}.Ad-Hoc|iPhone.Deploy.0 = Release|x86
		{1D3EC797-D166-4C59-9947-2A2188536A4D}.Ad-Hoc|iPhoneSimulator.ActiveCfg = Release|x86
		{1D3EC797-D166-4C59-9947-2A2188536A4D}.Ad-Hoc|iPhoneSimulator.Build.0 = Release|x86
		{1D3EC797-D166-4C59-9947-2A2188536A4D}.Ad-Hoc|iPhoneSimulator.Deploy.0 = Release|x86
		{1D3EC797-D166-4C59-9947-2A2188536A4D}.Ad-Hoc|x64.ActiveCfg = Release|x64
		{1D3EC797-D166-4C59-9947-2A2188536A4D}.Ad-Hoc|x64.Build.0 = Release|x64
		{1D3EC797-D166-4C59-9947-2A2188536A4D}.Ad-Hoc|x64.Deploy.0 = Release|x64
		{1D3EC797-D166-4C59-9947-2A2188536A4D}.Ad-Hoc|x86.ActiveCfg = Release|x86
		{1D3EC797-D166-4C59-9947-2A2188536A4D}.Ad-Hoc|x86.Build.0 = Release|x86
		{1D3EC797-D166-4C59-9947-2A2188536A4D}.Ad-Hoc|x86.Deploy.0 = Release|x86
		{1D3EC797-D166-4C59-9947-2A2188536A4D}.AppStore|Any CPU.ActiveCfg = Release|x86
		{1D3EC797-D166-4C59-9947-2A2188536A4D}.AppStore|Any CPU.Build.0 = Release|x86
		{1D3EC797-D166-4C59-9947-2A2188536A4D}.AppStore|Any CPU.Deploy.0 = Release|x86
		{1D3EC797-D166-4C59-9947-2A2188536A4D}.AppStore|ARM.ActiveCfg = Release|ARM
		{1D3EC797-D166-4C59-9947-2A2188536A4D}.AppStore|ARM.Build.0 = Release|ARM
		{1D3EC797-D166-4C59-9947-2A2188536A4D}.AppStore|ARM.Deploy.0 = Release|ARM
		{1D3EC797-D166-4C59-9947-2A2188536A4D}.AppStore|iPhone.ActiveCfg = Release|x86
		{1D3EC797-D166-4C59-9947-2A2188536A4D}.AppStore|iPhone.Build.0 = Release|x86
		{1D3EC797-D166-4C59-9947-2A2188536A4D}.AppStore|iPhone.Deploy.0 = Release|x86
		{1D3EC797-D166-4C59-9947-2A2188536A4D}.AppStore|iPhoneSimulator.ActiveCfg = Release|x86
		{1D3EC797-D166-4C59-9947-2A2188536A4D}.AppStore|iPhoneSimulator.Build.0 = Release|x86
		{1D3EC797-D166-4C59-9947-2A2188536A4D}.AppStore|iPhoneSimulator.Deploy.0 = Release|x86
		{1D3EC797-D166-4C59-9947-2A2188536A4D}.AppStore|x64.ActiveCfg = Release|x64
		{1D3EC797-D166-4C59-9947-2A2188536A4D}.AppStore|x64.Build.0 = Release|x64
		{1D3EC797-D166-4C59-9947-2A2188536A4D}.AppStore|x64.Deploy.0 = Release|x64
		{1D3EC797-D166-4C59-9947-2A2188536A4D}.AppStore|x86.ActiveCfg = Release|x86
		{1D3EC797-D166-4C59-9947-2A2188536A4D}.AppStore|x86.Build.0 = Release|x86
		{1D3EC797-D166-4C59-9947-2A2188536A4D}.AppStore|x86.Deploy.0 = Release|x86
		{1D3EC797-D166-4C59-9947-2A2188536A4D}.Debug|Any CPU.ActiveCfg = Debug|x86
		{1D3EC797-D166-4C59-9947-2A2188536A4D}.Debug|ARM.ActiveCfg = Debug|ARM
		{1D3EC797-D166-4C59-9947-2A2188536A4D}.Debug|ARM.Build.0 = Debug|ARM
		{1D3EC797-D166-4C59-9947-2A2188536A4D}.Debug|ARM.Deploy.0 = Debug|ARM
		{1D3EC797-D166-4C59-9947-2A2188536A4D}.Debug|iPhone.ActiveCfg = Debug|x86
		{1D3EC797-D166-4C59-9947-2A2188536A4D}.Debug|iPhoneSimulator.ActiveCfg = Debug|x86
		{1D3EC797-D166-4C59-9947-2A2188536A4D}.Debug|x64.ActiveCfg = Debug|x64
		{1D3EC797-D166-4C59-9947-2A2188536A4D}.Debug|x64.Build.0 = Debug|x64
		{1D3EC797-D166-4C59-9947-2A2188536A4D}.Debug|x64.Deploy.0 = Debug|x64
		{1D3EC797-D166-4C59-9947-2A2188536A4D}.Debug|x86.ActiveCfg = Debug|x86
		{1D3EC797-D166-4C59-9947-2A2188536A4D}.Debug|x86.Build.0 = Debug|x86
		{1D3EC797-D166-4C59-9947-2A2188536A4D}.Debug|x86.Deploy.0 = Debug|x86
		{1D3EC797-D166-4C59-9947-2A2188536A4D}.Release|Any CPU.ActiveCfg = Release|x86
		{1D3EC797-D166-4C59-9947-2A2188536A4D}.Release|ARM.ActiveCfg = Release|ARM
		{1D3EC797-D166-4C59-9947-2A2188536A4D}.Release|ARM.Build.0 = Release|ARM
		{1D3EC797-D166-4C59-9947-2A2188536A4D}.Release|ARM.Deploy.0 = Release|ARM
		{1D3EC797-D166-4C59-9947-2A2188536A4D}.Release|iPhone.ActiveCfg = Release|x86
		{1D3EC797-D166-4C59-9947-2A2188536A4D}.Release|iPhoneSimulator.ActiveCfg = Release|x86
		{1D3EC797-D166-4C59-9947-2A2188536A4D}.Release|x64.ActiveCfg = Release|x64
		{1D3EC797-D166-4C59-9947-2A2188536A4D}.Release|x64.Build.0 = Release|x64
		{1D3EC797-D166-4C59-9947-2A2188536A4D}.Release|x64.Deploy.0 = Release|x64
		{1D3EC797-D166-4C59-9947-2A2188536A4D}.Release|x86.ActiveCfg = Release|x86
		{1D3EC797-D166-4C59-9947-2A2188536A4D}.Release|x86.Build.0 = Release|x86
		{1D3EC797-D166-4C59-9947-2A2188536A4D}.Release|x86.Deploy.0 = Release|x86
		{2FFE2185-A329-40E1-B617-4134F9C04042}.Ad-Hoc|Any CPU.ActiveCfg = Release|Any CPU
		{2FFE2185-A329-40E1-B617-4134F9C04042}.Ad-Hoc|Any CPU.Build.0 = Release|Any CPU
		{2FFE2185-A329-40E1-B617-4134F9C04042}.Ad-Hoc|Any CPU.Deploy.0 = Release|Any CPU
		{2FFE2185-A329-40E1-B617-4134F9C04042}.Ad-Hoc|ARM.ActiveCfg = Release|ARM
		{2FFE2185-A329-40E1-B617-4134F9C04042}.Ad-Hoc|ARM.Build.0 = Release|ARM
		{2FFE2185-A329-40E1-B617-4134F9C04042}.Ad-Hoc|ARM.Deploy.0 = Release|ARM
		{2FFE2185-A329-40E1-B617-4134F9C04042}.Ad-Hoc|iPhone.ActiveCfg = Release|Any CPU
		{2FFE2185-A329-40E1-B617-4134F9C04042}.Ad-Hoc|iPhone.Build.0 = Release|Any CPU
		{2FFE2185-A329-40E1-B617-4134F9C04042}.Ad-Hoc|iPhone.Deploy.0 = Release|Any CPU
		{2FFE2185-A329-40E1-B617-4134F9C04042}.Ad-Hoc|iPhoneSimulator.ActiveCfg = Release|Any CPU
		{2FFE2185-A329-40E1-B617-4134F9C04042}.Ad-Hoc|iPhoneSimulator.Build.0 = Release|Any CPU
		{2FFE2185-A329-40E1-B617-4134F9C04042}.Ad-Hoc|iPhoneSimulator.Deploy.0 = Release|Any CPU
		{2FFE2185-A329-40E1-B617-4134F9C04042}.Ad-Hoc|x64.ActiveCfg = Release|Any CPU
		{2FFE2185-A329-40E1-B617-4134F9C04042}.Ad-Hoc|x64.Build.0 = Release|Any CPU
		{2FFE2185-A329-40E1-B617-4134F9C04042}.Ad-Hoc|x64.Deploy.0 = Release|Any CPU
		{2FFE2185-A329-40E1-B617-4134F9C04042}.Ad-Hoc|x86.ActiveCfg = Release|x86
		{2FFE2185-A329-40E1-B617-4134F9C04042}.Ad-Hoc|x86.Build.0 = Release|x86
		{2FFE2185-A329-40E1-B617-4134F9C04042}.Ad-Hoc|x86.Deploy.0 = Release|x86
		{2FFE2185-A329-40E1-B617-4134F9C04042}.AppStore|Any CPU.ActiveCfg = Release|Any CPU
		{2FFE2185-A329-40E1-B617-4134F9C04042}.AppStore|Any CPU.Build.0 = Release|Any CPU
		{2FFE2185-A329-40E1-B617-4134F9C04042}.AppStore|Any CPU.Deploy.0 = Release|Any CPU
		{2FFE2185-A329-40E1-B617-4134F9C04042}.AppStore|ARM.ActiveCfg = Release|ARM
		{2FFE2185-A329-40E1-B617-4134F9C04042}.AppStore|ARM.Build.0 = Release|ARM
		{2FFE2185-A329-40E1-B617-4134F9C04042}.AppStore|ARM.Deploy.0 = Release|ARM
		{2FFE2185-A329-40E1-B617-4134F9C04042}.AppStore|iPhone.ActiveCfg = Release|Any CPU
		{2FFE2185-A329-40E1-B617-4134F9C04042}.AppStore|iPhone.Build.0 = Release|Any CPU
		{2FFE2185-A329-40E1-B617-4134F9C04042}.AppStore|iPhone.Deploy.0 = Release|Any CPU
		{2FFE2185-A329-40E1-B617-4134F9C04042}.AppStore|iPhoneSimulator.ActiveCfg = Release|Any CPU
		{2FFE2185-A329-40E1-B617-4134F9C04042}.AppStore|iPhoneSimulator.Build.0 = Release|Any CPU
		{2FFE2185-A329-40E1-B617-4134F9C04042}.AppStore|iPhoneSimulator.Deploy.0 = Release|Any CPU
		{2FFE2185-A329-40E1-B617-4134F9C04042}.AppStore|x64.ActiveCfg = Release|Any CPU
		{2FFE2185-A329-40E1-B617-4134F9C04042}.AppStore|x64.Build.0 = Release|Any CPU
		{2FFE2185-A329-40E1-B617-4134F9C04042}.AppStore|x64.Deploy.0 = Release|Any CPU
		{2FFE2185-A329-40E1-B617-4134F9C04042}.AppStore|x86.ActiveCfg = Release|x86
		{2FFE2185-A329-40E1-B617-4134F9C04042}.AppStore|x86.Build.0 = Release|x86
		{2FFE2185-A329-40E1-B617-4134F9C04042}.AppStore|x86.Deploy.0 = Release|x86
		{2FFE2185-A329-40E1-B617-4134F9C04042}.Debug|Any CPU.ActiveCfg = Debug|Any CPU
		{2FFE2185-A329-40E1-B617-4134F9C04042}.Debug|Any CPU.Build.0 = Debug|Any CPU
		{2FFE2185-A329-40E1-B617-4134F9C04042}.Debug|Any CPU.Deploy.0 = Debug|Any CPU
		{2FFE2185-A329-40E1-B617-4134F9C04042}.Debug|ARM.ActiveCfg = Debug|ARM
		{2FFE2185-A329-40E1-B617-4134F9C04042}.Debug|ARM.Build.0 = Debug|ARM
		{2FFE2185-A329-40E1-B617-4134F9C04042}.Debug|ARM.Deploy.0 = Debug|ARM
		{2FFE2185-A329-40E1-B617-4134F9C04042}.Debug|iPhone.ActiveCfg = Debug|Any CPU
		{2FFE2185-A329-40E1-B617-4134F9C04042}.Debug|iPhone.Build.0 = Debug|Any CPU
		{2FFE2185-A329-40E1-B617-4134F9C04042}.Debug|iPhone.Deploy.0 = Debug|Any CPU
		{2FFE2185-A329-40E1-B617-4134F9C04042}.Debug|iPhoneSimulator.ActiveCfg = Debug|Any CPU
		{2FFE2185-A329-40E1-B617-4134F9C04042}.Debug|iPhoneSimulator.Build.0 = Debug|Any CPU
		{2FFE2185-A329-40E1-B617-4134F9C04042}.Debug|iPhoneSimulator.Deploy.0 = Debug|Any CPU
		{2FFE2185-A329-40E1-B617-4134F9C04042}.Debug|x64.ActiveCfg = Debug|Any CPU
		{2FFE2185-A329-40E1-B617-4134F9C04042}.Debug|x64.Build.0 = Debug|Any CPU
		{2FFE2185-A329-40E1-B617-4134F9C04042}.Debug|x64.Deploy.0 = Debug|Any CPU
		{2FFE2185-A329-40E1-B617-4134F9C04042}.Debug|x86.ActiveCfg = Debug|x86
		{2FFE2185-A329-40E1-B617-4134F9C04042}.Debug|x86.Build.0 = Debug|x86
		{2FFE2185-A329-40E1-B617-4134F9C04042}.Debug|x86.Deploy.0 = Debug|x86
		{2FFE2185-A329-40E1-B617-4134F9C04042}.Release|Any CPU.ActiveCfg = Release|Any CPU
		{2FFE2185-A329-40E1-B617-4134F9C04042}.Release|Any CPU.Build.0 = Release|Any CPU
		{2FFE2185-A329-40E1-B617-4134F9C04042}.Release|Any CPU.Deploy.0 = Release|Any CPU
		{2FFE2185-A329-40E1-B617-4134F9C04042}.Release|ARM.ActiveCfg = Release|ARM
		{2FFE2185-A329-40E1-B617-4134F9C04042}.Release|ARM.Build.0 = Release|ARM
		{2FFE2185-A329-40E1-B617-4134F9C04042}.Release|ARM.Deploy.0 = Release|ARM
		{2FFE2185-A329-40E1-B617-4134F9C04042}.Release|iPhone.ActiveCfg = Release|Any CPU
		{2FFE2185-A329-40E1-B617-4134F9C04042}.Release|iPhone.Build.0 = Release|Any CPU
		{2FFE2185-A329-40E1-B617-4134F9C04042}.Release|iPhone.Deploy.0 = Release|Any CPU
		{2FFE2185-A329-40E1-B617-4134F9C04042}.Release|iPhoneSimulator.ActiveCfg = Release|Any CPU
		{2FFE2185-A329-40E1-B617-4134F9C04042}.Release|iPhoneSimulator.Build.0 = Release|Any CPU
		{2FFE2185-A329-40E1-B617-4134F9C04042}.Release|iPhoneSimulator.Deploy.0 = Release|Any CPU
		{2FFE2185-A329-40E1-B617-4134F9C04042}.Release|x64.ActiveCfg = Release|Any CPU
		{2FFE2185-A329-40E1-B617-4134F9C04042}.Release|x64.Build.0 = Release|Any CPU
		{2FFE2185-A329-40E1-B617-4134F9C04042}.Release|x64.Deploy.0 = Release|Any CPU
		{2FFE2185-A329-40E1-B617-4134F9C04042}.Release|x86.ActiveCfg = Release|x86
		{2FFE2185-A329-40E1-B617-4134F9C04042}.Release|x86.Build.0 = Release|x86
		{2FFE2185-A329-40E1-B617-4134F9C04042}.Release|x86.Deploy.0 = Release|x86
		{FBA4AB0E-8359-4CB4-AFDF-479A711D2FE0}.Ad-Hoc|Any CPU.ActiveCfg = Release|Any CPU
		{FBA4AB0E-8359-4CB4-AFDF-479A711D2FE0}.Ad-Hoc|Any CPU.Build.0 = Release|Any CPU
		{FBA4AB0E-8359-4CB4-AFDF-479A711D2FE0}.Ad-Hoc|Any CPU.Deploy.0 = Release|Any CPU
		{FBA4AB0E-8359-4CB4-AFDF-479A711D2FE0}.Ad-Hoc|ARM.ActiveCfg = Release|ARM
		{FBA4AB0E-8359-4CB4-AFDF-479A711D2FE0}.Ad-Hoc|ARM.Build.0 = Release|ARM
		{FBA4AB0E-8359-4CB4-AFDF-479A711D2FE0}.Ad-Hoc|ARM.Deploy.0 = Release|ARM
		{FBA4AB0E-8359-4CB4-AFDF-479A711D2FE0}.Ad-Hoc|iPhone.ActiveCfg = Release|Any CPU
		{FBA4AB0E-8359-4CB4-AFDF-479A711D2FE0}.Ad-Hoc|iPhone.Build.0 = Release|Any CPU
		{FBA4AB0E-8359-4CB4-AFDF-479A711D2FE0}.Ad-Hoc|iPhone.Deploy.0 = Release|Any CPU
		{FBA4AB0E-8359-4CB4-AFDF-479A711D2FE0}.Ad-Hoc|iPhoneSimulator.ActiveCfg = Release|Any CPU
		{FBA4AB0E-8359-4CB4-AFDF-479A711D2FE0}.Ad-Hoc|iPhoneSimulator.Build.0 = Release|Any CPU
		{FBA4AB0E-8359-4CB4-AFDF-479A711D2FE0}.Ad-Hoc|iPhoneSimulator.Deploy.0 = Release|Any CPU
		{FBA4AB0E-8359-4CB4-AFDF-479A711D2FE0}.Ad-Hoc|x64.ActiveCfg = Release|x64
		{FBA4AB0E-8359-4CB4-AFDF-479A711D2FE0}.Ad-Hoc|x64.Build.0 = Release|x64
		{FBA4AB0E-8359-4CB4-AFDF-479A711D2FE0}.Ad-Hoc|x64.Deploy.0 = Release|x64
		{FBA4AB0E-8359-4CB4-AFDF-479A711D2FE0}.Ad-Hoc|x86.ActiveCfg = Release|x86
		{FBA4AB0E-8359-4CB4-AFDF-479A711D2FE0}.Ad-Hoc|x86.Build.0 = Release|x86
		{FBA4AB0E-8359-4CB4-AFDF-479A711D2FE0}.Ad-Hoc|x86.Deploy.0 = Release|x86
		{FBA4AB0E-8359-4CB4-AFDF-479A711D2FE0}.AppStore|Any CPU.ActiveCfg = Release|Any CPU
		{FBA4AB0E-8359-4CB4-AFDF-479A711D2FE0}.AppStore|Any CPU.Build.0 = Release|Any CPU
		{FBA4AB0E-8359-4CB4-AFDF-479A711D2FE0}.AppStore|Any CPU.Deploy.0 = Release|Any CPU
		{FBA4AB0E-8359-4CB4-AFDF-479A711D2FE0}.AppStore|ARM.ActiveCfg = Release|ARM
		{FBA4AB0E-8359-4CB4-AFDF-479A711D2FE0}.AppStore|ARM.Build.0 = Release|ARM
		{FBA4AB0E-8359-4CB4-AFDF-479A711D2FE0}.AppStore|ARM.Deploy.0 = Release|ARM
		{FBA4AB0E-8359-4CB4-AFDF-479A711D2FE0}.AppStore|iPhone.ActiveCfg = Release|Any CPU
		{FBA4AB0E-8359-4CB4-AFDF-479A711D2FE0}.AppStore|iPhone.Build.0 = Release|Any CPU
		{FBA4AB0E-8359-4CB4-AFDF-479A711D2FE0}.AppStore|iPhone.Deploy.0 = Release|Any CPU
		{FBA4AB0E-8359-4CB4-AFDF-479A711D2FE0}.AppStore|iPhoneSimulator.ActiveCfg = Release|Any CPU
		{FBA4AB0E-8359-4CB4-AFDF-479A711D2FE0}.AppStore|iPhoneSimulator.Build.0 = Release|Any CPU
		{FBA4AB0E-8359-4CB4-AFDF-479A711D2FE0}.AppStore|iPhoneSimulator.Deploy.0 = Release|Any CPU
		{FBA4AB0E-8359-4CB4-AFDF-479A711D2FE0}.AppStore|x64.ActiveCfg = Release|x64
		{FBA4AB0E-8359-4CB4-AFDF-479A711D2FE0}.AppStore|x64.Build.0 = Release|x64
		{FBA4AB0E-8359-4CB4-AFDF-479A711D2FE0}.AppStore|x64.Deploy.0 = Release|x64
		{FBA4AB0E-8359-4CB4-AFDF-479A711D2FE0}.AppStore|x86.ActiveCfg = Release|x86
		{FBA4AB0E-8359-4CB4-AFDF-479A711D2FE0}.AppStore|x86.Build.0 = Release|x86
		{FBA4AB0E-8359-4CB4-AFDF-479A711D2FE0}.AppStore|x86.Deploy.0 = Release|x86
		{FBA4AB0E-8359-4CB4-AFDF-479A711D2FE0}.Debug|Any CPU.ActiveCfg = Debug|Any CPU
		{FBA4AB0E-8359-4CB4-AFDF-479A711D2FE0}.Debug|Any CPU.Build.0 = Debug|Any CPU
		{FBA4AB0E-8359-4CB4-AFDF-479A711D2FE0}.Debug|Any CPU.Deploy.0 = Debug|Any CPU
		{FBA4AB0E-8359-4CB4-AFDF-479A711D2FE0}.Debug|ARM.ActiveCfg = Debug|ARM
		{FBA4AB0E-8359-4CB4-AFDF-479A711D2FE0}.Debug|ARM.Build.0 = Debug|ARM
		{FBA4AB0E-8359-4CB4-AFDF-479A711D2FE0}.Debug|ARM.Deploy.0 = Debug|ARM
		{FBA4AB0E-8359-4CB4-AFDF-479A711D2FE0}.Debug|iPhone.ActiveCfg = Debug|Any CPU
		{FBA4AB0E-8359-4CB4-AFDF-479A711D2FE0}.Debug|iPhone.Build.0 = Debug|Any CPU
		{FBA4AB0E-8359-4CB4-AFDF-479A711D2FE0}.Debug|iPhone.Deploy.0 = Debug|Any CPU
		{FBA4AB0E-8359-4CB4-AFDF-479A711D2FE0}.Debug|iPhoneSimulator.ActiveCfg = Debug|Any CPU
		{FBA4AB0E-8359-4CB4-AFDF-479A711D2FE0}.Debug|iPhoneSimulator.Build.0 = Debug|Any CPU
		{FBA4AB0E-8359-4CB4-AFDF-479A711D2FE0}.Debug|iPhoneSimulator.Deploy.0 = Debug|Any CPU
		{FBA4AB0E-8359-4CB4-AFDF-479A711D2FE0}.Debug|x64.ActiveCfg = Debug|x64
		{FBA4AB0E-8359-4CB4-AFDF-479A711D2FE0}.Debug|x64.Build.0 = Debug|x64
		{FBA4AB0E-8359-4CB4-AFDF-479A711D2FE0}.Debug|x64.Deploy.0 = Debug|x64
		{FBA4AB0E-8359-4CB4-AFDF-479A711D2FE0}.Debug|x86.ActiveCfg = Debug|x86
		{FBA4AB0E-8359-4CB4-AFDF-479A711D2FE0}.Debug|x86.Build.0 = Debug|x86
		{FBA4AB0E-8359-4CB4-AFDF-479A711D2FE0}.Debug|x86.Deploy.0 = Debug|x86
		{FBA4AB0E-8359-4CB4-AFDF-479A711D2FE0}.Release|Any CPU.ActiveCfg = Release|Any CPU
		{FBA4AB0E-8359-4CB4-AFDF-479A711D2FE0}.Release|Any CPU.Build.0 = Release|Any CPU
		{FBA4AB0E-8359-4CB4-AFDF-479A711D2FE0}.Release|Any CPU.Deploy.0 = Release|Any CPU
		{FBA4AB0E-8359-4CB4-AFDF-479A711D2FE0}.Release|ARM.ActiveCfg = Release|ARM
		{FBA4AB0E-8359-4CB4-AFDF-479A711D2FE0}.Release|ARM.Build.0 = Release|ARM
		{FBA4AB0E-8359-4CB4-AFDF-479A711D2FE0}.Release|ARM.Deploy.0 = Release|ARM
		{FBA4AB0E-8359-4CB4-AFDF-479A711D2FE0}.Release|iPhone.ActiveCfg = Release|Any CPU
		{FBA4AB0E-8359-4CB4-AFDF-479A711D2FE0}.Release|iPhone.Build.0 = Release|Any CPU
		{FBA4AB0E-8359-4CB4-AFDF-479A711D2FE0}.Release|iPhone.Deploy.0 = Release|Any CPU
		{FBA4AB0E-8359-4CB4-AFDF-479A711D2FE0}.Release|iPhoneSimulator.ActiveCfg = Release|Any CPU
		{FBA4AB0E-8359-4CB4-AFDF-479A711D2FE0}.Release|iPhoneSimulator.Build.0 = Release|Any CPU
		{FBA4AB0E-8359-4CB4-AFDF-479A711D2FE0}.Release|iPhoneSimulator.Deploy.0 = Release|Any CPU
		{FBA4AB0E-8359-4CB4-AFDF-479A711D2FE0}.Release|x64.ActiveCfg = Release|x64
		{FBA4AB0E-8359-4CB4-AFDF-479A711D2FE0}.Release|x64.Build.0 = Release|x64
		{FBA4AB0E-8359-4CB4-AFDF-479A711D2FE0}.Release|x64.Deploy.0 = Release|x64
		{FBA4AB0E-8359-4CB4-AFDF-479A711D2FE0}.Release|x86.ActiveCfg = Release|x86
		{FBA4AB0E-8359-4CB4-AFDF-479A711D2FE0}.Release|x86.Build.0 = Release|x86
		{FBA4AB0E-8359-4CB4-AFDF-479A711D2FE0}.Release|x86.Deploy.0 = Release|x86
	EndGlobalSection
	GlobalSection(SolutionProperties) = preSolution
		HideSolutionNode = FALSE
	EndGlobalSection
	GlobalSection(NestedProjects) = preSolution
		{DAA935FE-88E8-4EB9-BDF9-E56B523BCCB1} = {BE5D6B7D-F668-427A-A34C-18F446AF548B}
		{90C4D84A-3384-4123-BA5E-BDD09DFF8BEA} = {BE5D6B7D-F668-427A-A34C-18F446AF548B}
		{1D3EC797-D166-4C59-9947-2A2188536A4D} = {BE5D6B7D-F668-427A-A34C-18F446AF548B}
		{2FFE2185-A329-40E1-B617-4134F9C04042} = {BE5D6B7D-F668-427A-A34C-18F446AF548B}
		{FBA4AB0E-8359-4CB4-AFDF-479A711D2FE0} = {BE5D6B7D-F668-427A-A34C-18F446AF548B}
	EndGlobalSection
EndGlobal
